
Microsoft Visual Studio Solution File, Format Version 12.00
# Visual Studio 15
VisualStudioVersion = 15.0.26730.16
MinimumVisualStudioVersion = 10.0.40219.1
Project("{FAE04EC0-301F-11D3-BF4B-00C04F79EFBC}") = "Mendz.Graph", "Mendz.Graph\Mendz.Graph.csproj", "{333F3C69-A50A-43E3-9806-0CC1B607F545}"
EndProject
Global
	GlobalSection(SolutionConfigurationPlatforms) = preSolution
		Debug|Any CPU = Debug|Any CPU
		Release|Any CPU = Release|Any CPU
	EndGlobalSection
	GlobalSection(ProjectConfigurationPlatforms) = postSolution
		{333F3C69-A50A-43E3-9806-0CC1B607F545}.Debug|Any CPU.ActiveCfg = Debug|Any CPU
		{333F3C69-A50A-43E3-9806-0CC1B607F545}.Debug|Any CPU.Build.0 = Debug|Any CPU
		{333F3C69-A50A-43E3-9806-0CC1B607F545}.Release|Any CPU.ActiveCfg = Release|Any CPU
		{333F3C69-A50A-43E3-9806-0CC1B607F545}.Release|Any CPU.Build.0 = Release|Any CPU
	EndGlobalSection
	GlobalSection(SolutionProperties) = preSolution
		HideSolutionNode = FALSE
	EndGlobalSection
	GlobalSection(ExtensibilityGlobals) = postSolution
		SolutionGuid = {D2FA5AEE-275F-467A-87D7-DFA6AFB45F47}
	EndGlobalSection
EndGlobal
